
Microsoft Visual Studio Solution File, Format Version 12.00
# Visual Studio 15
VisualStudioVersion = 15.0.28307.136
MinimumVisualStudioVersion = 10.0.40219.1
Project("{888888A0-9F3D-457C-B088-3A5042F75D52}") = "python-o365", "python-o365.pyproj", "{6400C4E0-2287-4582-A303-AE63EC466060}"
EndProject
Global
	GlobalSection(SolutionConfigurationPlatforms) = preSolution
		Debug|Any CPU = Debug|Any CPU
		Release|Any CPU = Release|Any CPU
	EndGlobalSection
	GlobalSection(ProjectConfigurationPlatforms) = postSolution
		{6400C4E0-2287-4582-A303-AE63EC466060}.Debug|Any CPU.ActiveCfg = Debug|Any CPU
		{6400C4E0-2287-4582-A303-AE63EC466060}.Release|Any CPU.ActiveCfg = Release|Any CPU
	EndGlobalSection
	GlobalSection(SolutionProperties) = preSolution
		HideSolutionNode = FALSE
	EndGlobalSection
	GlobalSection(ExtensibilityGlobals) = postSolution
		SolutionGuid = {467DF0A1-1B0A-4CBE-96F9-4EF5A626D050}
	EndGlobalSection
EndGlobal
